
Microsoft Visual Studio Solution File, Format Version 12.00
# Visual Studio Version 17
VisualStudioVersion = 17.5.002.0
MinimumVisualStudioVersion = 10.0.40219.1
Project("{2150E333-8FDC-42A3-9474-1A3956D46DE8}") = "IS-Projekty", "IS-Projekty", "{823B61E9-8F7B-4053-BCBC-D7D25CD57E43}"
EndProject
Project("{9A19103F-16F7-4668-BE54-9A1E7A4F7556}") = "001-prvni-program-vypis-rady", "IS-Projekty\001-prvni-program-vypis-rady\001-prvni-program-vypis-rady.csproj", "{BCD4F590-CD94-4EA0-BDCF-95C81995CE61}"
EndProject
Global
	GlobalSection(SolutionConfigurationPlatforms) = preSolution
		Debug|Any CPU = Debug|Any CPU
		Release|Any CPU = Release|Any CPU
	EndGlobalSection
	GlobalSection(ProjectConfigurationPlatforms) = postSolution
		{BCD4F590-CD94-4EA0-BDCF-95C81995CE61}.Debug|Any CPU.ActiveCfg = Debug|Any CPU
		{BCD4F590-CD94-4EA0-BDCF-95C81995CE61}.Debug|Any CPU.Build.0 = Debug|Any CPU
		{BCD4F590-CD94-4EA0-BDCF-95C81995CE61}.Release|Any CPU.ActiveCfg = Release|Any CPU
		{BCD4F590-CD94-4EA0-BDCF-95C81995CE61}.Release|Any CPU.Build.0 = Release|Any CPU
	EndGlobalSection
	GlobalSection(SolutionProperties) = preSolution
		HideSolutionNode = FALSE
	EndGlobalSection
	GlobalSection(NestedProjects) = preSolution
		{BCD4F590-CD94-4EA0-BDCF-95C81995CE61} = {823B61E9-8F7B-4053-BCBC-D7D25CD57E43}
	EndGlobalSection
	GlobalSection(ExtensibilityGlobals) = postSolution
		SolutionGuid = {3708C490-E440-41F3-9288-CBB8CAD428FB}
	EndGlobalSection
EndGlobal
