
Microsoft Visual Studio Solution File, Format Version 12.00
# Visual Studio Version 17
VisualStudioVersion = 17.5.002.0
MinimumVisualStudioVersion = 10.0.40219.1
Project("{9A19103F-16F7-4668-BE54-9A1E7A4F7556}") = "Program002B-soucet-cifer", "Program002B-soucet-cifer.csproj", "{AFCA7AE5-54F5-4B66-892B-2876FB156EEB}"
EndProject
Global
	GlobalSection(SolutionConfigurationPlatforms) = preSolution
		Debug|Any CPU = Debug|Any CPU
		Release|Any CPU = Release|Any CPU
	EndGlobalSection
	GlobalSection(ProjectConfigurationPlatforms) = postSolution
		{AFCA7AE5-54F5-4B66-892B-2876FB156EEB}.Debug|Any CPU.ActiveCfg = Debug|Any CPU
		{AFCA7AE5-54F5-4B66-892B-2876FB156EEB}.Debug|Any CPU.Build.0 = Debug|Any CPU
		{AFCA7AE5-54F5-4B66-892B-2876FB156EEB}.Release|Any CPU.ActiveCfg = Release|Any CPU
		{AFCA7AE5-54F5-4B66-892B-2876FB156EEB}.Release|Any CPU.Build.0 = Release|Any CPU
	EndGlobalSection
	GlobalSection(SolutionProperties) = preSolution
		HideSolutionNode = FALSE
	EndGlobalSection
	GlobalSection(ExtensibilityGlobals) = postSolution
		SolutionGuid = {DFE1C149-C909-4EFC-A375-0B317A756C05}
	EndGlobalSection
EndGlobal
